
Microsoft Visual Studio Solution File, Format Version 12.00
# Visual Studio Version 17
VisualStudioVersion = 17.4.33213.308
MinimumVisualStudioVersion = 10.0.40219.1
Project("{F184B08F-C81C-45F6-A57F-5ABD9991F28F}") = "TicTacToe", "TicTacToe.vbproj", "{104A6E05-A1E2-4CA1-9120-4348A4AB262C}"
EndProject
Global
	GlobalSection(SolutionConfigurationPlatforms) = preSolution
		Debug|Any CPU = Debug|Any CPU
		Release|Any CPU = Release|Any CPU
	EndGlobalSection
	GlobalSection(ProjectConfigurationPlatforms) = postSolution
		{104A6E05-A1E2-4CA1-9120-4348A4AB262C}.Debug|Any CPU.ActiveCfg = Debug|Any CPU
		{104A6E05-A1E2-4CA1-9120-4348A4AB262C}.Debug|Any CPU.Build.0 = Debug|Any CPU
		{104A6E05-A1E2-4CA1-9120-4348A4AB262C}.Release|Any CPU.ActiveCfg = Release|Any CPU
		{104A6E05-A1E2-4CA1-9120-4348A4AB262C}.Release|Any CPU.Build.0 = Release|Any CPU
	EndGlobalSection
	GlobalSection(SolutionProperties) = preSolution
		HideSolutionNode = FALSE
	EndGlobalSection
	GlobalSection(ExtensibilityGlobals) = postSolution
		SolutionGuid = {400BFA55-E3CC-4E40-8CE8-F72F13727B5D}
	EndGlobalSection
EndGlobal
